
Microsoft Visual Studio Solution File, Format Version 12.00
# Visual Studio Version 17
VisualStudioVersion = 17.11.35219.272
MinimumVisualStudioVersion = 10.0.40219.1
Project("{FAE04EC0-301F-11D3-BF4B-00C04F79EFBC}") = "Labb2 - Dungeon Crawler", "Labb2 - Dungeon Crawler\Labb2 - Dungeon Crawler.csproj", "{B4B8996C-CAFD-4BAD-A6FF-815E5A546B8B}"
EndProject
Global
	GlobalSection(SolutionConfigurationPlatforms) = preSolution
		Debug|Any CPU = Debug|Any CPU
		Release|Any CPU = Release|Any CPU
	EndGlobalSection
	GlobalSection(ProjectConfigurationPlatforms) = postSolution
		{B4B8996C-CAFD-4BAD-A6FF-815E5A546B8B}.Debug|Any CPU.ActiveCfg = Debug|Any CPU
		{B4B8996C-CAFD-4BAD-A6FF-815E5A546B8B}.Debug|Any CPU.Build.0 = Debug|Any CPU
		{B4B8996C-CAFD-4BAD-A6FF-815E5A546B8B}.Release|Any CPU.ActiveCfg = Release|Any CPU
		{B4B8996C-CAFD-4BAD-A6FF-815E5A546B8B}.Release|Any CPU.Build.0 = Release|Any CPU
	EndGlobalSection
	GlobalSection(SolutionProperties) = preSolution
		HideSolutionNode = FALSE
	EndGlobalSection
	GlobalSection(ExtensibilityGlobals) = postSolution
		SolutionGuid = {BA8E6019-7D9B-4C63-AB22-7D720B012110}
	EndGlobalSection
EndGlobal
